// !$*UTF8*$!
{
	archiveVersion = 1;
	classes = {
	};
	objectVersion = 46;
	objects = {

/* Begin PBXBuildFile section */
		093846841A8F77BB005BD244 /* FitBitClient.swift in Sources */ = {isa = PBXBuildFile; fileRef = 093846831A8F77BB005BD244 /* FitBitClient.swift */; };
		093846861A8F77FD005BD244 /* HMAC.swift in Sources */ = {isa = PBXBuildFile; fileRef = 093846851A8F77FD005BD244 /* HMAC.swift */; };
		093846881A8F81F3005BD244 /* OAuthTokenKeeper.swift in Sources */ = {isa = PBXBuildFile; fileRef = 093846871A8F81F3005BD244 /* OAuthTokenKeeper.swift */; };
		0938468A1A8F8E02005BD244 /* OAuthConstants.swift in Sources */ = {isa = PBXBuildFile; fileRef = 093846891A8F8E02005BD244 /* OAuthConstants.swift */; };
		0938468C1A8F93CB005BD244 /* FitBitEndpoints.swift in Sources */ = {isa = PBXBuildFile; fileRef = 0938468B1A8F93CB005BD244 /* FitBitEndpoints.swift */; };
		0938468E1A8F968A005BD244 /* FitBitRequestBuilder.swift in Sources */ = {isa = PBXBuildFile; fileRef = 0938468D1A8F968A005BD244 /* FitBitRequestBuilder.swift */; };
		09A0DC611A8E4371007CA876 /* AppDelegate.swift in Sources */ = {isa = PBXBuildFile; fileRef = 09A0DC601A8E4371007CA876 /* AppDelegate.swift */; };
		09A0DC631A8E4371007CA876 /* ViewController.swift in Sources */ = {isa = PBXBuildFile; fileRef = 09A0DC621A8E4371007CA876 /* ViewController.swift */; };
		09A0DC661A8E4371007CA876 /* Main.storyboard in Resources */ = {isa = PBXBuildFile; fileRef = 09A0DC641A8E4371007CA876 /* Main.storyboard */; };
		09A0DC681A8E4371007CA876 /* Images.xcassets in Resources */ = {isa = PBXBuildFile; fileRef = 09A0DC671A8E4371007CA876 /* Images.xcassets */; };
		09A0DC6B1A8E4371007CA876 /* LaunchScreen.xib in Resources */ = {isa = PBXBuildFile; fileRef = 09A0DC691A8E4371007CA876 /* LaunchScreen.xib */; };
		09A0DC771A8E4371007CA876 /* FitTodayTests.swift in Sources */ = {isa = PBXBuildFile; fileRef = 09A0DC761A8E4371007CA876 /* FitTodayTests.swift */; };
		09A0DC811A8E49C3007CA876 /* OAuthSwift.framework in Frameworks */ = {isa = PBXBuildFile; fileRef = 09A0DC801A8E49C3007CA876 /* OAuthSwift.framework */; };
		09A0DC821A8E49C3007CA876 /* OAuthSwift.framework in Embed Frameworks */ = {isa = PBXBuildFile; fileRef = 09A0DC801A8E49C3007CA876 /* OAuthSwift.framework */; settings = {ATTRIBUTES = (CodeSignOnCopy, RemoveHeadersOnCopy, ); }; };
		09B36EC81A910BC900F92610 /* HTTPResponse.swift in Sources */ = {isa = PBXBuildFile; fileRef = 09B36EC71A910BC900F92610 /* HTTPResponse.swift */; };
		09B36ECA1A910BE000F92610 /* GetUserInfoResponse.swift in Sources */ = {isa = PBXBuildFile; fileRef = 09B36EC91A910BE000F92610 /* GetUserInfoResponse.swift */; };
		09B36ED21A9116A000F92610 /* NotificationCenter.framework in Frameworks */ = {isa = PBXBuildFile; fileRef = 09B36ED11A9116A000F92610 /* NotificationCenter.framework */; };
		09B36ED71A9116A000F92610 /* TodayViewController.swift in Sources */ = {isa = PBXBuildFile; fileRef = 09B36ED61A9116A000F92610 /* TodayViewController.swift */; };
		09B36ED91A9116A000F92610 /* MainInterface.storyboard in Resources */ = {isa = PBXBuildFile; fileRef = 09B36ED81A9116A000F92610 /* MainInterface.storyboard */; };
		09B36EDC1A9116A000F92610 /* FitToday Widget.appex in Embed App Extensions */ = {isa = PBXBuildFile; fileRef = 09B36ECF1A9116A000F92610 /* FitToday Widget.appex */; settings = {ATTRIBUTES = (RemoveHeadersOnCopy, ); }; };
		09BF52DA1A93D57000516B97 /* GetActivityStatsResponse.swift in Sources */ = {isa = PBXBuildFile; fileRef = 09BF52D91A93D57000516B97 /* GetActivityStatsResponse.swift */; };
		09BF52DB1A93DBB600516B97 /* GetActivityStatsResponse.swift in Sources */ = {isa = PBXBuildFile; fileRef = 09BF52D91A93D57000516B97 /* GetActivityStatsResponse.swift */; };
		09DF9A8F1A9217D900E5E243 /* OAuthTokenKeeper.swift in Sources */ = {isa = PBXBuildFile; fileRef = 093846871A8F81F3005BD244 /* OAuthTokenKeeper.swift */; };
		09DF9A911A921E4900E5E243 /* FitBitClient.swift in Sources */ = {isa = PBXBuildFile; fileRef = 093846831A8F77BB005BD244 /* FitBitClient.swift */; };
		09DF9A921A921E9D00E5E243 /* FitBitRequestBuilder.swift in Sources */ = {isa = PBXBuildFile; fileRef = 0938468D1A8F968A005BD244 /* FitBitRequestBuilder.swift */; };
		09DF9A931A921EB500E5E243 /* FitBitEndpoints.swift in Sources */ = {isa = PBXBuildFile; fileRef = 0938468B1A8F93CB005BD244 /* FitBitEndpoints.swift */; };
		09DF9A941A921EB800E5E243 /* OAuthConstants.swift in Sources */ = {isa = PBXBuildFile; fileRef = 093846891A8F8E02005BD244 /* OAuthConstants.swift */; };
		09DF9A951A921ECC00E5E243 /* GetUserInfoResponse.swift in Sources */ = {isa = PBXBuildFile; fileRef = 09B36EC91A910BE000F92610 /* GetUserInfoResponse.swift */; };
		09DF9A961A921ECF00E5E243 /* HTTPResponse.swift in Sources */ = {isa = PBXBuildFile; fileRef = 09B36EC71A910BC900F92610 /* HTTPResponse.swift */; };
		09DF9A9A1A9237A300E5E243 /* HMAC.swift in Sources */ = {isa = PBXBuildFile; fileRef = 093846851A8F77FD005BD244 /* HMAC.swift */; };
		09DF9A9E1A923F9A00E5E243 /* Pods.framework in Frameworks */ = {isa = PBXBuildFile; fileRef = 09DF9A9D1A923F9A00E5E243 /* Pods.framework */; };
		1AFDE6BB50B841E081115A9A /* Pods.framework in Frameworks */ = {isa = PBXBuildFile; fileRef = 163EBD0A58B742A45F4FE751 /* Pods.framework */; settings = {ATTRIBUTES = (Weak, ); }; };
/* End PBXBuildFile section */

/* Begin PBXContainerItemProxy section */
		09A0DC711A8E4371007CA876 /* PBXContainerItemProxy */ = {
			isa = PBXContainerItemProxy;
			containerPortal = 09A0DC531A8E4371007CA876 /* Project object */;
			proxyType = 1;
			remoteGlobalIDString = 09A0DC5A1A8E4371007CA876;
			remoteInfo = FitToday;
		};
		09B36EDA1A9116A000F92610 /* PBXContainerItemProxy */ = {
			isa = PBXContainerItemProxy;
			containerPortal = 09A0DC531A8E4371007CA876 /* Project object */;
			proxyType = 1;
			remoteGlobalIDString = 09B36ECE1A9116A000F92610;
			remoteInfo = "FitToday Widget";
		};
/* End PBXContainerItemProxy section */

/* Begin PBXCopyFilesBuildPhase section */
		09A0DC831A8E49C3007CA876 /* Embed Frameworks */ = {
			isa = PBXCopyFilesBuildPhase;
			buildActionMask = 2147483647;
			dstPath = "";
			dstSubfolderSpec = 10;
			files = (
				09A0DC821A8E49C3007CA876 /* OAuthSwift.framework in Embed Frameworks */,
			);
			name = "Embed Frameworks";
			runOnlyForDeploymentPostprocessing = 0;
		};
		09B36EE01A9116A000F92610 /* Embed App Extensions */ = {
			isa = PBXCopyFilesBuildPhase;
			buildActionMask = 2147483647;
			dstPath = "";
			dstSubfolderSpec = 13;
			files = (
				09B36EDC1A9116A000F92610 /* FitToday Widget.appex in Embed App Extensions */,
			);
			name = "Embed App Extensions";
			runOnlyForDeploymentPostprocessing = 0;
		};
/* End PBXCopyFilesBuildPhase section */

/* Begin PBXFileReference section */
		093846831A8F77BB005BD244 /* FitBitClient.swift */ = {isa = PBXFileReference; fileEncoding = 4; lastKnownFileType = sourcecode.swift; name = FitBitClient.swift; path = "Source/FitBit client/FitBitClient.swift"; sourceTree = "<group>"; };
		093846851A8F77FD005BD244 /* HMAC.swift */ = {isa = PBXFileReference; fileEncoding = 4; lastKnownFileType = sourcecode.swift; name = HMAC.swift; path = "Source/FitBit client/HMAC.swift"; sourceTree = "<group>"; };
		093846871A8F81F3005BD244 /* OAuthTokenKeeper.swift */ = {isa = PBXFileReference; fileEncoding = 4; lastKnownFileType = sourcecode.swift; name = OAuthTokenKeeper.swift; path = "Source/FitBit client/OAuthTokenKeeper.swift"; sourceTree = "<group>"; };
		093846891A8F8E02005BD244 /* OAuthConstants.swift */ = {isa = PBXFileReference; fileEncoding = 4; lastKnownFileType = sourcecode.swift; name = OAuthConstants.swift; path = "Source/FitBit client/OAuthConstants.swift"; sourceTree = "<group>"; };
		0938468B1A8F93CB005BD244 /* FitBitEndpoints.swift */ = {isa = PBXFileReference; fileEncoding = 4; lastKnownFileType = sourcecode.swift; name = FitBitEndpoints.swift; path = "Source/FitBit client/FitBitEndpoints.swift"; sourceTree = "<group>"; };
		0938468D1A8F968A005BD244 /* FitBitRequestBuilder.swift */ = {isa = PBXFileReference; fileEncoding = 4; lastKnownFileType = sourcecode.swift; name = FitBitRequestBuilder.swift; path = "Source/FitBit client/FitBitRequestBuilder.swift"; sourceTree = "<group>"; };
		098F96F41A8E768400421655 /* FitToday-Bridging-Header.h */ = {isa = PBXFileReference; lastKnownFileType = sourcecode.c.h; name = "FitToday-Bridging-Header.h"; path = "Source/FitToday-Bridging-Header.h"; sourceTree = "<group>"; };
		09A0DC5B1A8E4371007CA876 /* FitToday.app */ = {isa = PBXFileReference; explicitFileType = wrapper.application; includeInIndex = 0; path = FitToday.app; sourceTree = BUILT_PRODUCTS_DIR; };
		09A0DC5F1A8E4371007CA876 /* Info.plist */ = {isa = PBXFileReference; lastKnownFileType = text.plist.xml; path = Info.plist; sourceTree = "<group>"; };
		09A0DC601A8E4371007CA876 /* AppDelegate.swift */ = {isa = PBXFileReference; lastKnownFileType = sourcecode.swift; name = AppDelegate.swift; path = Source/AppDelegate.swift; sourceTree = "<group>"; };
		09A0DC621A8E4371007CA876 /* ViewController.swift */ = {isa = PBXFileReference; lastKnownFileType = sourcecode.swift; name = ViewController.swift; path = Source/ViewController.swift; sourceTree = "<group>"; };
		09A0DC651A8E4371007CA876 /* Base */ = {isa = PBXFileReference; lastKnownFileType = file.storyboard; name = Base; path = Base.lproj/Main.storyboard; sourceTree = "<group>"; };
		09A0DC671A8E4371007CA876 /* Images.xcassets */ = {isa = PBXFileReference; lastKnownFileType = folder.assetcatalog; path = Images.xcassets; sourceTree = "<group>"; };
		09A0DC6A1A8E4371007CA876 /* Base */ = {isa = PBXFileReference; lastKnownFileType = file.xib; name = Base; path = Base.lproj/LaunchScreen.xib; sourceTree = "<group>"; };
		09A0DC701A8E4371007CA876 /* FitTodayTests.xctest */ = {isa = PBXFileReference; explicitFileType = wrapper.cfbundle; includeInIndex = 0; path = FitTodayTests.xctest; sourceTree = BUILT_PRODUCTS_DIR; };
		09A0DC751A8E4371007CA876 /* Info.plist */ = {isa = PBXFileReference; lastKnownFileType = text.plist.xml; path = Info.plist; sourceTree = "<group>"; };
		09A0DC761A8E4371007CA876 /* FitTodayTests.swift */ = {isa = PBXFileReference; lastKnownFileType = sourcecode.swift; path = FitTodayTests.swift; sourceTree = "<group>"; };
		09A0DC801A8E49C3007CA876 /* OAuthSwift.framework */ = {isa = PBXFileReference; lastKnownFileType = wrapper.framework; name = OAuthSwift.framework; path = ../Carthage/Build/iOS/OAuthSwift.framework; sourceTree = "<group>"; };
		09B36EC71A910BC900F92610 /* HTTPResponse.swift */ = {isa = PBXFileReference; fileEncoding = 4; lastKnownFileType = sourcecode.swift; name = HTTPResponse.swift; path = "Source/FitBit client/HTTP responses/HTTPResponse.swift"; sourceTree = "<group>"; };
		09B36EC91A910BE000F92610 /* GetUserInfoResponse.swift */ = {isa = PBXFileReference; fileEncoding = 4; lastKnownFileType = sourcecode.swift; name = GetUserInfoResponse.swift; path = "Source/FitBit client/HTTP responses/GetUserInfoResponse.swift"; sourceTree = "<group>"; };
		09B36ECF1A9116A000F92610 /* FitToday Widget.appex */ = {isa = PBXFileReference; explicitFileType = "wrapper.app-extension"; includeInIndex = 0; path = "FitToday Widget.appex"; sourceTree = BUILT_PRODUCTS_DIR; };
		09B36ED11A9116A000F92610 /* NotificationCenter.framework */ = {isa = PBXFileReference; lastKnownFileType = wrapper.framework; name = NotificationCenter.framework; path = System/Library/Frameworks/NotificationCenter.framework; sourceTree = SDKROOT; };
		09B36ED51A9116A000F92610 /* Info.plist */ = {isa = PBXFileReference; lastKnownFileType = text.plist.xml; path = Info.plist; sourceTree = "<group>"; };
		09B36ED61A9116A000F92610 /* TodayViewController.swift */ = {isa = PBXFileReference; lastKnownFileType = sourcecode.swift; path = TodayViewController.swift; sourceTree = "<group>"; };
		09B36ED81A9116A000F92610 /* MainInterface.storyboard */ = {isa = PBXFileReference; lastKnownFileType = file.storyboard; path = MainInterface.storyboard; sourceTree = "<group>"; };
		09BF52D91A93D57000516B97 /* GetActivityStatsResponse.swift */ = {isa = PBXFileReference; fileEncoding = 4; lastKnownFileType = sourcecode.swift; name = GetActivityStatsResponse.swift; path = "Source/FitBit client/HTTP responses/GetActivityStatsResponse.swift"; sourceTree = "<group>"; };
		09DF9A8D1A920C7100E5E243 /* FitToday.entitlements */ = {isa = PBXFileReference; lastKnownFileType = text.xml; path = FitToday.entitlements; sourceTree = "<group>"; };
		09DF9A8E1A920C8C00E5E243 /* FitToday Widget.entitlements */ = {isa = PBXFileReference; lastKnownFileType = text.xml; path = "FitToday Widget.entitlements"; sourceTree = "<group>"; };
		09DF9A981A92377C00E5E243 /* Pods.framework */ = {isa = PBXFileReference; lastKnownFileType = wrapper.framework; name = Pods.framework; path = "Pods/build/Debug-iphoneos/Pods.framework"; sourceTree = "<group>"; };
		09DF9A9B1A92380900E5E243 /* Pods.framework */ = {isa = PBXFileReference; lastKnownFileType = wrapper.framework; name = Pods.framework; path = "Pods/build/Debug-iphoneos/Pods.framework"; sourceTree = "<group>"; };
		09DF9A9D1A923F9A00E5E243 /* Pods.framework */ = {isa = PBXFileReference; lastKnownFileType = wrapper.framework; name = Pods.framework; path = "Pods/build/Debug-iphoneos/Pods.framework"; sourceTree = "<group>"; };
		163EBD0A58B742A45F4FE751 /* Pods.framework */ = {isa = PBXFileReference; explicitFileType = wrapper.framework; includeInIndex = 0; path = Pods.framework; sourceTree = BUILT_PRODUCTS_DIR; };
		7C754C5130810BBD89411EBD /* Pods.debug.xcconfig */ = {isa = PBXFileReference; includeInIndex = 1; lastKnownFileType = text.xcconfig; name = Pods.debug.xcconfig; path = "Pods/Target Support Files/Pods/Pods.debug.xcconfig"; sourceTree = "<group>"; };
		EDEF06D5603A8B53253377BC /* Pods.release.xcconfig */ = {isa = PBXFileReference; includeInIndex = 1; lastKnownFileType = text.xcconfig; name = Pods.release.xcconfig; path = "Pods/Target Support Files/Pods/Pods.release.xcconfig"; sourceTree = "<group>"; };
/* End PBXFileReference section */

/* Begin PBXFrameworksBuildPhase section */
		09A0DC581A8E4371007CA876 /* Frameworks */ = {
			isa = PBXFrameworksBuildPhase;
			buildActionMask = 2147483647;
			files = (
				09A0DC811A8E49C3007CA876 /* OAuthSwift.framework in Frameworks */,
				1AFDE6BB50B841E081115A9A /* Pods.framework in Frameworks */,
			);
			runOnlyForDeploymentPostprocessing = 0;
		};
		09A0DC6D1A8E4371007CA876 /* Frameworks */ = {
			isa = PBXFrameworksBuildPhase;
			buildActionMask = 2147483647;
			files = (
			);
			runOnlyForDeploymentPostprocessing = 0;
		};
		09B36ECC1A9116A000F92610 /* Frameworks */ = {
			isa = PBXFrameworksBuildPhase;
			buildActionMask = 2147483647;
			files = (
				09DF9A9E1A923F9A00E5E243 /* Pods.framework in Frameworks */,
				09B36ED21A9116A000F92610 /* NotificationCenter.framework in Frameworks */,
			);
			runOnlyForDeploymentPostprocessing = 0;
		};
/* End PBXFrameworksBuildPhase section */

/* Begin PBXGroup section */
		093846811A8F7654005BD244 /* Frameworks */ = {
			isa = PBXGroup;
			children = (
				09A0DC801A8E49C3007CA876 /* OAuthSwift.framework */,
			);
			name = Frameworks;
			sourceTree = "<group>";
		};
		093846821A8F772D005BD244 /* FitBit client */ = {
			isa = PBXGroup;
			children = (
				09B36EC61A910B7E00F92610 /* HTTP responses */,
				093846871A8F81F3005BD244 /* OAuthTokenKeeper.swift */,
				093846831A8F77BB005BD244 /* FitBitClient.swift */,
				093846851A8F77FD005BD244 /* HMAC.swift */,
				093846891A8F8E02005BD244 /* OAuthConstants.swift */,
				0938468B1A8F93CB005BD244 /* FitBitEndpoints.swift */,
				0938468D1A8F968A005BD244 /* FitBitRequestBuilder.swift */,
			);
			name = "FitBit client";
			sourceTree = "<group>";
		};
		09A0DC521A8E4371007CA876 = {
			isa = PBXGroup;
			children = (
				09A0DC5D1A8E4371007CA876 /* FitToday */,
				09A0DC731A8E4371007CA876 /* FitTodayTests */,
				09B36ED31A9116A000F92610 /* FitToday Widget */,
				09B36ED01A9116A000F92610 /* Frameworks */,
				09A0DC5C1A8E4371007CA876 /* Products */,
				C2A5C2191313DE20B206AD90 /* Pods */,
			);
			sourceTree = "<group>";
		};
		09A0DC5C1A8E4371007CA876 /* Products */ = {
			isa = PBXGroup;
			children = (
				09A0DC5B1A8E4371007CA876 /* FitToday.app */,
				09A0DC701A8E4371007CA876 /* FitTodayTests.xctest */,
				09B36ECF1A9116A000F92610 /* FitToday Widget.appex */,
			);
			name = Products;
			sourceTree = "<group>";
		};
		09A0DC5D1A8E4371007CA876 /* FitToday */ = {
			isa = PBXGroup;
			children = (
				09DF9A8D1A920C7100E5E243 /* FitToday.entitlements */,
				093846821A8F772D005BD244 /* FitBit client */,
				093846811A8F7654005BD244 /* Frameworks */,
				09A0DC601A8E4371007CA876 /* AppDelegate.swift */,
				098F96F41A8E768400421655 /* FitToday-Bridging-Header.h */,
				09A0DC621A8E4371007CA876 /* ViewController.swift */,
				09A0DC641A8E4371007CA876 /* Main.storyboard */,
				09A0DC671A8E4371007CA876 /* Images.xcassets */,
				09A0DC691A8E4371007CA876 /* LaunchScreen.xib */,
				09A0DC5E1A8E4371007CA876 /* Supporting Files */,
			);
			path = FitToday;
			sourceTree = "<group>";
		};
		09A0DC5E1A8E4371007CA876 /* Supporting Files */ = {
			isa = PBXGroup;
			children = (
				09A0DC5F1A8E4371007CA876 /* Info.plist */,
			);
			name = "Supporting Files";
			sourceTree = "<group>";
		};
		09A0DC731A8E4371007CA876 /* FitTodayTests */ = {
			isa = PBXGroup;
			children = (
				09A0DC761A8E4371007CA876 /* FitTodayTests.swift */,
				09A0DC741A8E4371007CA876 /* Supporting Files */,
			);
			path = FitTodayTests;
			sourceTree = "<group>";
		};
		09A0DC741A8E4371007CA876 /* Supporting Files */ = {
			isa = PBXGroup;
			children = (
				09A0DC751A8E4371007CA876 /* Info.plist */,
			);
			name = "Supporting Files";
			sourceTree = "<group>";
		};
		09B36EC61A910B7E00F92610 /* HTTP responses */ = {
			isa = PBXGroup;
			children = (
				09B36EC71A910BC900F92610 /* HTTPResponse.swift */,
				09B36EC91A910BE000F92610 /* GetUserInfoResponse.swift */,
				09BF52D91A93D57000516B97 /* GetActivityStatsResponse.swift */,
			);
			name = "HTTP responses";
			sourceTree = "<group>";
		};
		09B36ED01A9116A000F92610 /* Frameworks */ = {
			isa = PBXGroup;
			children = (
				09DF9A9D1A923F9A00E5E243 /* Pods.framework */,
				09DF9A9B1A92380900E5E243 /* Pods.framework */,
				09DF9A981A92377C00E5E243 /* Pods.framework */,
				09B36ED11A9116A000F92610 /* NotificationCenter.framework */,
				163EBD0A58B742A45F4FE751 /* Pods.framework */,
			);
			name = Frameworks;
			sourceTree = "<group>";
		};
		09B36ED31A9116A000F92610 /* FitToday Widget */ = {
			isa = PBXGroup;
			children = (
				09DF9A8E1A920C8C00E5E243 /* FitToday Widget.entitlements */,
				09B36ED61A9116A000F92610 /* TodayViewController.swift */,
				09B36ED81A9116A000F92610 /* MainInterface.storyboard */,
				09B36ED41A9116A000F92610 /* Supporting Files */,
			);
			path = "FitToday Widget";
			sourceTree = "<group>";
		};
		09B36ED41A9116A000F92610 /* Supporting Files */ = {
			isa = PBXGroup;
			children = (
				09B36ED51A9116A000F92610 /* Info.plist */,
			);
			name = "Supporting Files";
			sourceTree = "<group>";
		};
		C2A5C2191313DE20B206AD90 /* Pods */ = {
			isa = PBXGroup;
			children = (
				7C754C5130810BBD89411EBD /* Pods.debug.xcconfig */,
				EDEF06D5603A8B53253377BC /* Pods.release.xcconfig */,
			);
			name = Pods;
			sourceTree = "<group>";
		};
/* End PBXGroup section */

/* Begin PBXNativeTarget section */
		09A0DC5A1A8E4371007CA876 /* FitToday */ = {
			isa = PBXNativeTarget;
			buildConfigurationList = 09A0DC7A1A8E4371007CA876 /* Build configuration list for PBXNativeTarget "FitToday" */;
			buildPhases = (
				0F9C59CB167D329820B61F96 /* Check Pods Manifest.lock */,
				09A0DC571A8E4371007CA876 /* Sources */,
				09A0DC581A8E4371007CA876 /* Frameworks */,
				09A0DC591A8E4371007CA876 /* Resources */,
				09A0DC831A8E49C3007CA876 /* Embed Frameworks */,
				09B36EE01A9116A000F92610 /* Embed App Extensions */,
				A359A2A6DD71B3AC9D153AAE /* Copy Pods Resources */,
				5856C53DC8031616258B10DE /* Embed Pods Frameworks */,
			);
			buildRules = (
			);
			dependencies = (
				09B36EDB1A9116A000F92610 /* PBXTargetDependency */,
			);
			name = FitToday;
			productName = FitToday;
			productReference = 09A0DC5B1A8E4371007CA876 /* FitToday.app */;
			productType = "com.apple.product-type.application";
		};
		09A0DC6F1A8E4371007CA876 /* FitTodayTests */ = {
			isa = PBXNativeTarget;
			buildConfigurationList = 09A0DC7D1A8E4371007CA876 /* Build configuration list for PBXNativeTarget "FitTodayTests" */;
			buildPhases = (
				09A0DC6C1A8E4371007CA876 /* Sources */,
				09A0DC6D1A8E4371007CA876 /* Frameworks */,
				09A0DC6E1A8E4371007CA876 /* Resources */,
			);
			buildRules = (
			);
			dependencies = (
				09A0DC721A8E4371007CA876 /* PBXTargetDependency */,
			);
			name = FitTodayTests;
			productName = FitTodayTests;
			productReference = 09A0DC701A8E4371007CA876 /* FitTodayTests.xctest */;
			productType = "com.apple.product-type.bundle.unit-test";
		};
		09B36ECE1A9116A000F92610 /* FitToday Widget */ = {
			isa = PBXNativeTarget;
			buildConfigurationList = 09B36EDD1A9116A000F92610 /* Build configuration list for PBXNativeTarget "FitToday Widget" */;
			buildPhases = (
				09B36ECB1A9116A000F92610 /* Sources */,
				09B36ECC1A9116A000F92610 /* Frameworks */,
				09B36ECD1A9116A000F92610 /* Resources */,
			);
			buildRules = (
			);
			dependencies = (
			);
			name = "FitToday Widget";
			productName = "FitToday Widget";
			productReference = 09B36ECF1A9116A000F92610 /* FitToday Widget.appex */;
			productType = "com.apple.product-type.app-extension";
		};
/* End PBXNativeTarget section */

/* Begin PBXProject section */
		09A0DC531A8E4371007CA876 /* Project object */ = {
			isa = PBXProject;
			attributes = {
				LastUpgradeCheck = 0610;
				ORGANIZATIONNAME = "Marcin Kuptel";
				TargetAttributes = {
					09A0DC5A1A8E4371007CA876 = {
						CreatedOnToolsVersion = 6.1.1;
						DevelopmentTeam = U47YPJDZNL;
						SystemCapabilities = {
							com.apple.ApplicationGroups.iOS = {
								enabled = 1;
							};
						};
					};
					09A0DC6F1A8E4371007CA876 = {
						CreatedOnToolsVersion = 6.1.1;
						TestTargetID = 09A0DC5A1A8E4371007CA876;
					};
					09B36ECE1A9116A000F92610 = {
						CreatedOnToolsVersion = 6.1.1;
						DevelopmentTeam = U47YPJDZNL;
						SystemCapabilities = {
							com.apple.ApplicationGroups.iOS = {
								enabled = 1;
							};
						};
					};
				};
			};
			buildConfigurationList = 09A0DC561A8E4371007CA876 /* Build configuration list for PBXProject "FitToday" */;
			compatibilityVersion = "Xcode 3.2";
			developmentRegion = English;
			hasScannedForEncodings = 0;
			knownRegions = (
				en,
				Base,
			);
			mainGroup = 09A0DC521A8E4371007CA876;
			productRefGroup = 09A0DC5C1A8E4371007CA876 /* Products */;
			projectDirPath = "";
			projectRoot = "";
			targets = (
				09A0DC5A1A8E4371007CA876 /* FitToday */,
				09A0DC6F1A8E4371007CA876 /* FitTodayTests */,
				09B36ECE1A9116A000F92610 /* FitToday Widget */,
			);
		};
/* End PBXProject section */

/* Begin PBXResourcesBuildPhase section */
		09A0DC591A8E4371007CA876 /* Resources */ = {
			isa = PBXResourcesBuildPhase;
			buildActionMask = 2147483647;
			files = (
				09A0DC661A8E4371007CA876 /* Main.storyboard in Resources */,
				09A0DC6B1A8E4371007CA876 /* LaunchScreen.xib in Resources */,
				09A0DC681A8E4371007CA876 /* Images.xcassets in Resources */,
			);
			runOnlyForDeploymentPostprocessing = 0;
		};
		09A0DC6E1A8E4371007CA876 /* Resources */ = {
			isa = PBXResourcesBuildPhase;
			buildActionMask = 2147483647;
			files = (
			);
			runOnlyForDeploymentPostprocessing = 0;
		};
		09B36ECD1A9116A000F92610 /* Resources */ = {
			isa = PBXResourcesBuildPhase;
			buildActionMask = 2147483647;
			files = (
				09B36ED91A9116A000F92610 /* MainInterface.storyboard in Resources */,
			);
			runOnlyForDeploymentPostprocessing = 0;
		};
/* End PBXResourcesBuildPhase section */

/* Begin PBXShellScriptBuildPhase section */
		0F9C59CB167D329820B61F96 /* Check Pods Manifest.lock */ = {
			isa = PBXShellScriptBuildPhase;
			buildActionMask = 2147483647;
			files = (
			);
			inputPaths = (
			);
			name = "Check Pods Manifest.lock";
			outputPaths = (
			);
			runOnlyForDeploymentPostprocessing = 0;
			shellPath = /bin/sh;
			shellScript = "diff \"${PODS_ROOT}/../Podfile.lock\" \"${PODS_ROOT}/Manifest.lock\" > /dev/null\nif [[ $? != 0 ]] ; then\n    cat << EOM\nerror: The sandbox is not in sync with the Podfile.lock. Run 'pod install' or update your CocoaPods installation.\nEOM\n    exit 1\nfi\n";
			showEnvVarsInLog = 0;
		};
		5856C53DC8031616258B10DE /* Embed Pods Frameworks */ = {
			isa = PBXShellScriptBuildPhase;
			buildActionMask = 2147483647;
			files = (
			);
			inputPaths = (
			);
			name = "Embed Pods Frameworks";
			outputPaths = (
			);
			runOnlyForDeploymentPostprocessing = 0;
			shellPath = /bin/sh;
			shellScript = "\"${SRCROOT}/Pods/Target Support Files/Pods/Pods-frameworks.sh\"\n";
			showEnvVarsInLog = 0;
		};
		A359A2A6DD71B3AC9D153AAE /* Copy Pods Resources */ = {
			isa = PBXShellScriptBuildPhase;
			buildActionMask = 2147483647;
			files = (
			);
			inputPaths = (
			);
			name = "Copy Pods Resources";
			outputPaths = (
			);
			runOnlyForDeploymentPostprocessing = 0;
			shellPath = /bin/sh;
			shellScript = "\"${SRCROOT}/Pods/Target Support Files/Pods/Pods-resources.sh\"\n";
			showEnvVarsInLog = 0;
		};
/* End PBXShellScriptBuildPhase section */

/* Begin PBXSourcesBuildPhase section */
		09A0DC571A8E4371007CA876 /* Sources */ = {
			isa = PBXSourcesBuildPhase;
			buildActionMask = 2147483647;
			files = (
				093846841A8F77BB005BD244 /* FitBitClient.swift in Sources */,
				09A0DC631A8E4371007CA876 /* ViewController.swift in Sources */,
				093846881A8F81F3005BD244 /* OAuthTokenKeeper.swift in Sources */,
				0938468A1A8F8E02005BD244 /* OAuthConstants.swift in Sources */,
				0938468C1A8F93CB005BD244 /* FitBitEndpoints.swift in Sources */,
				093846861A8F77FD005BD244 /* HMAC.swift in Sources */,
				09B36ECA1A910BE000F92610 /* GetUserInfoResponse.swift in Sources */,
				09BF52DA1A93D57000516B97 /* GetActivityStatsResponse.swift in Sources */,
				09B36EC81A910BC900F92610 /* HTTPResponse.swift in Sources */,
				09A0DC611A8E4371007CA876 /* AppDelegate.swift in Sources */,
				0938468E1A8F968A005BD244 /* FitBitRequestBuilder.swift in Sources */,
			);
			runOnlyForDeploymentPostprocessing = 0;
		};
		09A0DC6C1A8E4371007CA876 /* Sources */ = {
			isa = PBXSourcesBuildPhase;
			buildActionMask = 2147483647;
			files = (
				09A0DC771A8E4371007CA876 /* FitTodayTests.swift in Sources */,
			);
			runOnlyForDeploymentPostprocessing = 0;
		};
		09B36ECB1A9116A000F92610 /* Sources */ = {
			isa = PBXSourcesBuildPhase;
			buildActionMask = 2147483647;
			files = (
				09BF52DB1A93DBB600516B97 /* GetActivityStatsResponse.swift in Sources */,
				09DF9A951A921ECC00E5E243 /* GetUserInfoResponse.swift in Sources */,
				09DF9A911A921E4900E5E243 /* FitBitClient.swift in Sources */,
				09DF9A9A1A9237A300E5E243 /* HMAC.swift in Sources */,
				09B36ED71A9116A000F92610 /* TodayViewController.swift in Sources */,
				09DF9A8F1A9217D900E5E243 /* OAuthTokenKeeper.swift in Sources */,
				09DF9A961A921ECF00E5E243 /* HTTPResponse.swift in Sources */,
				09DF9A941A921EB800E5E243 /* OAuthConstants.swift in Sources */,
				09DF9A931A921EB500E5E243 /* FitBitEndpoints.swift in Sources */,
				09DF9A921A921E9D00E5E243 /* FitBitRequestBuilder.swift in Sources */,
			);
			runOnlyForDeploymentPostprocessing = 0;
		};
/* End PBXSourcesBuildPhase section */

/* Begin PBXTargetDependency section */
		09A0DC721A8E4371007CA876 /* PBXTargetDependency */ = {
			isa = PBXTargetDependency;
			target = 09A0DC5A1A8E4371007CA876 /* FitToday */;
			targetProxy = 09A0DC711A8E4371007CA876 /* PBXContainerItemProxy */;
		};
		09B36EDB1A9116A000F92610 /* PBXTargetDependency */ = {
			isa = PBXTargetDependency;
			target = 09B36ECE1A9116A000F92610 /* FitToday Widget */;
			targetProxy = 09B36EDA1A9116A000F92610 /* PBXContainerItemProxy */;
		};
/* End PBXTargetDependency section */

/* Begin PBXVariantGroup section */
		09A0DC641A8E4371007CA876 /* Main.storyboard */ = {
			isa = PBXVariantGroup;
			children = (
				09A0DC651A8E4371007CA876 /* Base */,
			);
			name = Main.storyboard;
			sourceTree = "<group>";
		};
		09A0DC691A8E4371007CA876 /* LaunchScreen.xib */ = {
			isa = PBXVariantGroup;
			children = (
				09A0DC6A1A8E4371007CA876 /* Base */,
			);
			name = LaunchScreen.xib;
			sourceTree = "<group>";
		};
/* End PBXVariantGroup section */

/* Begin XCBuildConfiguration section */
		09A0DC781A8E4371007CA876 /* Debug */ = {
			isa = XCBuildConfiguration;
			buildSettings = {
				ALWAYS_SEARCH_USER_PATHS = NO;
				CLANG_CXX_LANGUAGE_STANDARD = "gnu++0x";
				CLANG_CXX_LIBRARY = "libc++";
				CLANG_ENABLE_MODULES = YES;
				CLANG_ENABLE_OBJC_ARC = YES;
				CLANG_WARN_BOOL_CONVERSION = YES;
				CLANG_WARN_CONSTANT_CONVERSION = YES;
				CLANG_WARN_DIRECT_OBJC_ISA_USAGE = YES_ERROR;
				CLANG_WARN_EMPTY_BODY = YES;
				CLANG_WARN_ENUM_CONVERSION = YES;
				CLANG_WARN_INT_CONVERSION = YES;
				CLANG_WARN_OBJC_ROOT_CLASS = YES_ERROR;
				CLANG_WARN_UNREACHABLE_CODE = YES;
				CLANG_WARN__DUPLICATE_METHOD_MATCH = YES;
				"CODE_SIGN_IDENTITY[sdk=iphoneos*]" = "iPhone Developer";
				COPY_PHASE_STRIP = NO;
				ENABLE_STRICT_OBJC_MSGSEND = YES;
				GCC_C_LANGUAGE_STANDARD = gnu99;
				GCC_DYNAMIC_NO_PIC = NO;
				GCC_OPTIMIZATION_LEVEL = 0;
				GCC_PREPROCESSOR_DEFINITIONS = (
					"DEBUG=1",
					"$(inherited)",
				);
				GCC_SYMBOLS_PRIVATE_EXTERN = NO;
				GCC_WARN_64_TO_32_BIT_CONVERSION = YES;
				GCC_WARN_ABOUT_RETURN_TYPE = YES_ERROR;
				GCC_WARN_UNDECLARED_SELECTOR = YES;
				GCC_WARN_UNINITIALIZED_AUTOS = YES_AGGRESSIVE;
				GCC_WARN_UNUSED_FUNCTION = YES;
				GCC_WARN_UNUSED_VARIABLE = YES;
				IPHONEOS_DEPLOYMENT_TARGET = 8.1;
				MTL_ENABLE_DEBUG_INFO = YES;
				ONLY_ACTIVE_ARCH = YES;
				SDKROOT = iphoneos;
				SWIFT_OPTIMIZATION_LEVEL = "-Onone";
			};
			name = Debug;
		};
		09A0DC791A8E4371007CA876 /* Release */ = {
			isa = XCBuildConfiguration;
			buildSettings = {
				ALWAYS_SEARCH_USER_PATHS = NO;
				CLANG_CXX_LANGUAGE_STANDARD = "gnu++0x";
				CLANG_CXX_LIBRARY = "libc++";
				CLANG_ENABLE_MODULES = YES;
				CLANG_ENABLE_OBJC_ARC = YES;
				CLANG_WARN_BOOL_CONVERSION = YES;
				CLANG_WARN_CONSTANT_CONVERSION = YES;
				CLANG_WARN_DIRECT_OBJC_ISA_USAGE = YES_ERROR;
				CLANG_WARN_EMPTY_BODY = YES;
				CLANG_WARN_ENUM_CONVERSION = YES;
				CLANG_WARN_INT_CONVERSION = YES;
				CLANG_WARN_OBJC_ROOT_CLASS = YES_ERROR;
				CLANG_WARN_UNREACHABLE_CODE = YES;
				CLANG_WARN__DUPLICATE_METHOD_MATCH = YES;
				"CODE_SIGN_IDENTITY[sdk=iphoneos*]" = "iPhone Developer";
				COPY_PHASE_STRIP = YES;
				ENABLE_NS_ASSERTIONS = NO;
				ENABLE_STRICT_OBJC_MSGSEND = YES;
				GCC_C_LANGUAGE_STANDARD = gnu99;
				GCC_WARN_64_TO_32_BIT_CONVERSION = YES;
				GCC_WARN_ABOUT_RETURN_TYPE = YES_ERROR;
				GCC_WARN_UNDECLARED_SELECTOR = YES;
				GCC_WARN_UNINITIALIZED_AUTOS = YES_AGGRESSIVE;
				GCC_WARN_UNUSED_FUNCTION = YES;
				GCC_WARN_UNUSED_VARIABLE = YES;
				IPHONEOS_DEPLOYMENT_TARGET = 8.1;
				MTL_ENABLE_DEBUG_INFO = NO;
				SDKROOT = iphoneos;
				VALIDATE_PRODUCT = YES;
			};
			name = Release;
		};
		09A0DC7B1A8E4371007CA876 /* Debug */ = {
			isa = XCBuildConfiguration;
			baseConfigurationReference = 7C754C5130810BBD89411EBD /* Pods.debug.xcconfig */;
			buildSettings = {
				APPLICATION_EXTENSION_API_ONLY = NO;
				ASSETCATALOG_COMPILER_APPICON_NAME = AppIcon;
				CODE_SIGN_ENTITLEMENTS = FitToday/FitToday.entitlements;
				CODE_SIGN_IDENTITY = "iPhone Developer";
				"CODE_SIGN_IDENTITY[sdk=iphoneos*]" = "iPhone Developer";
				EMBEDDED_CONTENT_CONTAINS_SWIFT = YES;
				FRAMEWORK_SEARCH_PATHS = (
					"$(inherited)",
					"$(PROJECT_DIR)/Carthage/Build/iOS",
				);
				INFOPLIST_FILE = FitToday/Info.plist;
				LD_RUNPATH_SEARCH_PATHS = "$(inherited) @executable_path/Frameworks";
				PRODUCT_NAME = "$(TARGET_NAME)";
				PROVISIONING_PROFILE = "";
				SWIFT_OBJC_BRIDGING_HEADER = "$(SRCROOT)/FitToday/Source/FitToday-Bridging-Header.h";
			};
			name = Debug;
		};
		09A0DC7C1A8E4371007CA876 /* Release */ = {
			isa = XCBuildConfiguration;
			baseConfigurationReference = EDEF06D5603A8B53253377BC /* Pods.release.xcconfig */;
			buildSettings = {
				APPLICATION_EXTENSION_API_ONLY = NO;
				ASSETCATALOG_COMPILER_APPICON_NAME = AppIcon;
				CODE_SIGN_ENTITLEMENTS = FitToday/FitToday.entitlements;
				CODE_SIGN_IDENTITY = "iPhone Developer";
				"CODE_SIGN_IDENTITY[sdk=iphoneos*]" = "iPhone Developer";
				EMBEDDED_CONTENT_CONTAINS_SWIFT = YES;
				FRAMEWORK_SEARCH_PATHS = (
					"$(inherited)",
					"$(PROJECT_DIR)/Carthage/Build/iOS",
				);
				INFOPLIST_FILE = FitToday/Info.plist;
				LD_RUNPATH_SEARCH_PATHS = "$(inherited) @executable_path/Frameworks";
				PRODUCT_NAME = "$(TARGET_NAME)";
				PROVISIONING_PROFILE = "";
				SWIFT_OBJC_BRIDGING_HEADER = "$(SRCROOT)/FitToday/Source/FitToday-Bridging-Header.h";
			};
			name = Release;
		};
		09A0DC7E1A8E4371007CA876 /* Debug */ = {
			isa = XCBuildConfiguration;
			buildSettings = {
				BUNDLE_LOADER = "$(TEST_HOST)";
				FRAMEWORK_SEARCH_PATHS = (
					"$(SDKROOT)/Developer/Library/Frameworks",
					"$(inherited)",
				);
				GCC_PREPROCESSOR_DEFINITIONS = (
					"DEBUG=1",
					"$(inherited)",
				);
				INFOPLIST_FILE = FitTodayTests/Info.plist;
				LD_RUNPATH_SEARCH_PATHS = "$(inherited) @executable_path/Frameworks @loader_path/Frameworks";
				PRODUCT_NAME = "$(TARGET_NAME)";
				TEST_HOST = "$(BUILT_PRODUCTS_DIR)/FitToday.app/FitToday";
			};
			name = Debug;
		};
		09A0DC7F1A8E4371007CA876 /* Release */ = {
			isa = XCBuildConfiguration;
			buildSettings = {
				BUNDLE_LOADER = "$(TEST_HOST)";
				FRAMEWORK_SEARCH_PATHS = (
					"$(SDKROOT)/Developer/Library/Frameworks",
					"$(inherited)",
				);
				INFOPLIST_FILE = FitTodayTests/Info.plist;
				LD_RUNPATH_SEARCH_PATHS = "$(inherited) @executable_path/Frameworks @loader_path/Frameworks";
				PRODUCT_NAME = "$(TARGET_NAME)";
				TEST_HOST = "$(BUILT_PRODUCTS_DIR)/FitToday.app/FitToday";
			};
			name = Release;
		};
		09B36EDE1A9116A000F92610 /* Debug */ = {
			isa = XCBuildConfiguration;
			baseConfigurationReference = 7C754C5130810BBD89411EBD /* Pods.debug.xcconfig */;
			buildSettings = {
				APPLICATION_EXTENSION_API_ONLY = YES;
				CODE_SIGN_ENTITLEMENTS = "FitToday Widget/FitToday Widget.entitlements";
				CODE_SIGN_IDENTITY = "iPhone Developer";
				"CODE_SIGN_IDENTITY[sdk=iphoneos*]" = "iPhone Developer";
				FRAMEWORK_SEARCH_PATHS = (
					"$(inherited)",
					"$(PROJECT_DIR)/Pods/build/Debug-iphoneos",
				);
				GCC_PREPROCESSOR_DEFINITIONS = (
					"DEBUG=1",
					"$(inherited)",
				);
				INFOPLIST_FILE = "FitToday Widget/Info.plist";
				LD_RUNPATH_SEARCH_PATHS = "$(inherited) @executable_path/Frameworks @executable_path/../../Frameworks";
				PRODUCT_NAME = "$(TARGET_NAME)";
				PROVISIONING_PROFILE = "";
				SKIP_INSTALL = YES;
			};
			name = Debug;
		};
		09B36EDF1A9116A000F92610 /* Release */ = {
			isa = XCBuildConfiguration;
			baseConfigurationReference = EDEF06D5603A8B53253377BC /* Pods.release.xcconfig */;
			buildSettings = {
				APPLICATION_EXTENSION_API_ONLY = YES;
				CODE_SIGN_ENTITLEMENTS = "FitToday Widget/FitToday Widget.entitlements";
				CODE_SIGN_IDENTITY = "iPhone Developer";
				"CODE_SIGN_IDENTITY[sdk=iphoneos*]" = "iPhone Developer";
				FRAMEWORK_SEARCH_PATHS = (
					"$(inherited)",
					"$(PROJECT_DIR)/Pods/build/Debug-iphoneos",
				);
				INFOPLIST_FILE = "FitToday Widget/Info.plist";
				LD_RUNPATH_SEARCH_PATHS = "$(inherited) @executable_path/Frameworks @executable_path/../../Frameworks";
				PRODUCT_NAME = "$(TARGET_NAME)";
				PROVISIONING_PROFILE = "";
				SKIP_INSTALL = YES;
			};
			name = Release;
		};
/* End XCBuildConfiguration section */

/* Begin XCConfigurationList section */
		09A0DC561A8E4371007CA876 /* Build configuration list for PBXProject "FitToday" */ = {
			isa = XCConfigurationList;
			buildConfigurations = (
				09A0DC781A8E4371007CA876 /* Debug */,
				09A0DC791A8E4371007CA876 /* Release */,
			);
			defaultConfigurationIsVisible = 0;
			defaultConfigurationName = Release;
		};
		09A0DC7A1A8E4371007CA876 /* Build configuration list for PBXNativeTarget "FitToday" */ = {
			isa = XCConfigurationList;
			buildConfigurations = (
				09A0DC7B1A8E4371007CA876 /* Debug */,
				09A0DC7C1A8E4371007CA876 /* Release */,
			);
			defaultConfigurationIsVisible = 0;
			defaultConfigurationName = Release;
		};
		09A0DC7D1A8E4371007CA876 /* Build configuration list for PBXNativeTarget "FitTodayTests" */ = {
			isa = XCConfigurationList;
			buildConfigurations = (
				09A0DC7E1A8E4371007CA876 /* Debug */,
				09A0DC7F1A8E4371007CA876 /* Release */,
			);
			defaultConfigurationIsVisible = 0;
			defaultConfigurationName = Release;
		};
		09B36EDD1A9116A000F92610 /* Build configuration list for PBXNativeTarget "FitToday Widget" */ = {
			isa = XCConfigurationList;
			buildConfigurations = (
				09B36EDE1A9116A000F92610 /* Debug */,
				09B36EDF1A9116A000F92610 /* Release */,
			);
			defaultConfigurationIsVisible = 0;
			defaultConfigurationName = Release;
		};
/* End XCConfigurationList section */
	};
	rootObject = 09A0DC531A8E4371007CA876 /* Project object */;
}
